
Microsoft Visual Studio Solution File, Format Version 12.00
# Visual Studio Version 17
VisualStudioVersion = 17.8.34309.116
MinimumVisualStudioVersion = 10.0.40219.1
Project("{FAE04EC0-301F-11D3-BF4B-00C04F79EFBC}") = "Sharp Shooters", "Sharp Shooters\Sharp Shooters.csproj", "{B4286261-1033-4A6C-8FCD-3C8C36DEB4FF}"
EndProject
Global
	GlobalSection(SolutionConfigurationPlatforms) = preSolution
		Debug|Any CPU = Debug|Any CPU
		Release|Any CPU = Release|Any CPU
	EndGlobalSection
	GlobalSection(ProjectConfigurationPlatforms) = postSolution
		{B4286261-1033-4A6C-8FCD-3C8C36DEB4FF}.Debug|Any CPU.ActiveCfg = Debug|Any CPU
		{B4286261-1033-4A6C-8FCD-3C8C36DEB4FF}.Debug|Any CPU.Build.0 = Debug|Any CPU
		{B4286261-1033-4A6C-8FCD-3C8C36DEB4FF}.Release|Any CPU.ActiveCfg = Release|Any CPU
		{B4286261-1033-4A6C-8FCD-3C8C36DEB4FF}.Release|Any CPU.Build.0 = Release|Any CPU
	EndGlobalSection
	GlobalSection(SolutionProperties) = preSolution
		HideSolutionNode = FALSE
	EndGlobalSection
	GlobalSection(ExtensibilityGlobals) = postSolution
		SolutionGuid = {EBCDDFCD-AF3C-49F5-BF03-9B7F02ABB4C0}
	EndGlobalSection
EndGlobal
